
Microsoft Visual Studio Solution File, Format Version 12.00
Project("{2150E333-8FDC-42A3-9474-1A3956D46DE8}") = "SimpleExample", "SimpleExample", "{6440D49C-9B9F-4238-8C60-4094607E4357}"
EndProject
Project("{FAE04EC0-301F-11D3-BF4B-00C04F79EFBC}") = "WebApi", "src\SimpleExample\WebApi\WebApi.csproj", "{AAA2303B-CFC5-485E-BA99-E072B54FDE7C}"
EndProject
Project("{2150E333-8FDC-42A3-9474-1A3956D46DE8}") = "JwtAuthentication", "JwtAuthentication", "{132FF298-B971-42FD-B840-DF4D595A03A6}"
EndProject
Project("{FAE04EC0-301F-11D3-BF4B-00C04F79EFBC}") = "TokenGeneratorWebApi", "src\JwtAuthentication\TokenGeneratorWebApi\TokenGeneratorWebApi.csproj", "{AF509A4E-009F-4632-A74A-3DCC612ECC67}"
EndProject
Project("{FAE04EC0-301F-11D3-BF4B-00C04F79EFBC}") = "Token.Tests", "src\JwtAuthentication\Token.Tests\Token.Tests.csproj", "{34C1AFCF-99AE-44D6-9B94-A1D7BA312819}"
EndProject
Project("{FAE04EC0-301F-11D3-BF4B-00C04F79EFBC}") = "ClientConsoleApp", "src\JwtAuthentication\ClientConsoleApp\ClientConsoleApp.csproj", "{B4CCE58E-6E52-4A85-8021-4E429E3F12A7}"
EndProject
Project("{2150E333-8FDC-42A3-9474-1A3956D46DE8}") = "ManagingSecrets", "ManagingSecrets", "{94894AA9-03C4-4D1C-9EF5-8852BD3CEAF7}"
EndProject
Project("{FAE04EC0-301F-11D3-BF4B-00C04F79EFBC}") = "WebApiSecrets", "src\ManagingSecrets\WebApiSecrets\WebApiSecrets.csproj", "{3A4EBBB2-812F-47F3-998C-78068DDA095F}"
EndProject
Project("{FAE04EC0-301F-11D3-BF4B-00C04F79EFBC}") = "ConsoleSecretsApp", "src\ManagingSecrets\ConsoleSecretsApp\ConsoleSecretsApp.csproj", "{3A4E0DD3-6D82-4C75-A6C6-065F128678B9}"
EndProject
Global
	GlobalSection(SolutionConfigurationPlatforms) = preSolution
		Debug|Any CPU = Debug|Any CPU
		Release|Any CPU = Release|Any CPU
	EndGlobalSection
	GlobalSection(ProjectConfigurationPlatforms) = postSolution
		{AAA2303B-CFC5-485E-BA99-E072B54FDE7C}.Debug|Any CPU.ActiveCfg = Debug|Any CPU
		{AAA2303B-CFC5-485E-BA99-E072B54FDE7C}.Debug|Any CPU.Build.0 = Debug|Any CPU
		{AF509A4E-009F-4632-A74A-3DCC612ECC67}.Debug|Any CPU.ActiveCfg = Debug|Any CPU
		{AF509A4E-009F-4632-A74A-3DCC612ECC67}.Debug|Any CPU.Build.0 = Debug|Any CPU
		{AF509A4E-009F-4632-A74A-3DCC612ECC67}.Release|Any CPU.ActiveCfg = Release|Any CPU
		{AF509A4E-009F-4632-A74A-3DCC612ECC67}.Release|Any CPU.Build.0 = Release|Any CPU
		{34C1AFCF-99AE-44D6-9B94-A1D7BA312819}.Debug|Any CPU.ActiveCfg = Debug|Any CPU
		{34C1AFCF-99AE-44D6-9B94-A1D7BA312819}.Debug|Any CPU.Build.0 = Debug|Any CPU
		{34C1AFCF-99AE-44D6-9B94-A1D7BA312819}.Release|Any CPU.ActiveCfg = Release|Any CPU
		{34C1AFCF-99AE-44D6-9B94-A1D7BA312819}.Release|Any CPU.Build.0 = Release|Any CPU
		{B4CCE58E-6E52-4A85-8021-4E429E3F12A7}.Debug|Any CPU.ActiveCfg = Debug|Any CPU
		{B4CCE58E-6E52-4A85-8021-4E429E3F12A7}.Debug|Any CPU.Build.0 = Debug|Any CPU
		{B4CCE58E-6E52-4A85-8021-4E429E3F12A7}.Release|Any CPU.ActiveCfg = Release|Any CPU
		{B4CCE58E-6E52-4A85-8021-4E429E3F12A7}.Release|Any CPU.Build.0 = Release|Any CPU
		{3A4EBBB2-812F-47F3-998C-78068DDA095F}.Debug|Any CPU.ActiveCfg = Debug|Any CPU
		{3A4EBBB2-812F-47F3-998C-78068DDA095F}.Debug|Any CPU.Build.0 = Debug|Any CPU
		{3A4EBBB2-812F-47F3-998C-78068DDA095F}.Release|Any CPU.ActiveCfg = Release|Any CPU
		{3A4EBBB2-812F-47F3-998C-78068DDA095F}.Release|Any CPU.Build.0 = Release|Any CPU
		{3A4E0DD3-6D82-4C75-A6C6-065F128678B9}.Debug|Any CPU.ActiveCfg = Debug|Any CPU
		{3A4E0DD3-6D82-4C75-A6C6-065F128678B9}.Debug|Any CPU.Build.0 = Debug|Any CPU
		{3A4E0DD3-6D82-4C75-A6C6-065F128678B9}.Release|Any CPU.ActiveCfg = Release|Any CPU
		{3A4E0DD3-6D82-4C75-A6C6-065F128678B9}.Release|Any CPU.Build.0 = Release|Any CPU
	EndGlobalSection
	GlobalSection(NestedProjects) = preSolution
		{AAA2303B-CFC5-485E-BA99-E072B54FDE7C} = {6440D49C-9B9F-4238-8C60-4094607E4357}
		{AF509A4E-009F-4632-A74A-3DCC612ECC67} = {132FF298-B971-42FD-B840-DF4D595A03A6}
		{34C1AFCF-99AE-44D6-9B94-A1D7BA312819} = {132FF298-B971-42FD-B840-DF4D595A03A6}
		{B4CCE58E-6E52-4A85-8021-4E429E3F12A7} = {132FF298-B971-42FD-B840-DF4D595A03A6}
		{3A4EBBB2-812F-47F3-998C-78068DDA095F} = {94894AA9-03C4-4D1C-9EF5-8852BD3CEAF7}
		{3A4E0DD3-6D82-4C75-A6C6-065F128678B9} = {94894AA9-03C4-4D1C-9EF5-8852BD3CEAF7}
	EndGlobalSection
EndGlobal
