
Microsoft Visual Studio Solution File, Format Version 12.00
Project("{2150E333-8FDC-42A3-9474-1A3956D46DE8}") = "SimpleExample", "SimpleExample", "{6440D49C-9B9F-4238-8C60-4094607E4357}"
EndProject
Project("{FAE04EC0-301F-11D3-BF4B-00C04F79EFBC}") = "WebApi", "src\SimpleExample\WebApi\WebApi.csproj", "{AAA2303B-CFC5-485E-BA99-E072B54FDE7C}"
EndProject
Project("{2150E333-8FDC-42A3-9474-1A3956D46DE8}") = "JwtAuthentication", "JwtAuthentication", "{132FF298-B971-42FD-B840-DF4D595A03A6}"
EndProject
Project("{FAE04EC0-301F-11D3-BF4B-00C04F79EFBC}") = "TokenGeneratorWebApi", "src\JwtAuthentication\TokenGeneratorWebApi\TokenGeneratorWebApi.csproj", "{AF509A4E-009F-4632-A74A-3DCC612ECC67}"
EndProject
Project("{FAE04EC0-301F-11D3-BF4B-00C04F79EFBC}") = "Token.Tests", "src\JwtAuthentication\Token.Tests\Token.Tests.csproj", "{34C1AFCF-99AE-44D6-9B94-A1D7BA312819}"
EndProject
Project("{FAE04EC0-301F-11D3-BF4B-00C04F79EFBC}") = "ClientConsoleApp", "src\JwtAuthentication\ClientConsoleApp\ClientConsoleApp.csproj", "{B4CCE58E-6E52-4A85-8021-4E429E3F12A7}"
EndProject
Project("{2150E333-8FDC-42A3-9474-1A3956D46DE8}") = "ManagingSecrets", "ManagingSecrets", "{94894AA9-03C4-4D1C-9EF5-8852BD3CEAF7}"
EndProject
Project("{FAE04EC0-301F-11D3-BF4B-00C04F79EFBC}") = "WebApiSecrets", "src\ManagingSecrets\WebApiSecrets\WebApiSecrets.csproj", "{3A4EBBB2-812F-47F3-998C-78068DDA095F}"
EndProject
Project("{FAE04EC0-301F-11D3-BF4B-00C04F79EFBC}") = "ConsoleSecretsApp", "src\ManagingSecrets\ConsoleSecretsApp\ConsoleSecretsApp.csproj", "{3A4E0DD3-6D82-4C75-A6C6-065F128678B9}"
EndProject
Project("{2150E333-8FDC-42A3-9474-1A3956D46DE8}") = "CleanCode", "CleanCode", "{DFF0E2D4-899E-4E9F-A50B-41EAD9EC7993}"
EndProject
Project("{FAE04EC0-301F-11D3-BF4B-00C04F79EFBC}") = "ExamplesConsoleApp", "src\CleanCode\ExamplesConsoleApp\ExamplesConsoleApp.csproj", "{F66C297D-C108-410B-BE80-75601365CF0D}"
EndProject
Project("{FAE04EC0-301F-11D3-BF4B-00C04F79EFBC}") = "CodeComments", "src\CleanCode\CodeComments\CodeComments.csproj", "{08E8DD0A-9690-44D7-9A7D-318B04D7E926}"
EndProject
Project("{FAE04EC0-301F-11D3-BF4B-00C04F79EFBC}") = "Polymorphism.Tests", "src\CleanCode\Polymorphism.Tests\Polymorphism.Tests.csproj", "{2AC7E79C-4091-4C46-BEA0-6C4053EE7E3E}"
EndProject
Project("{FAE04EC0-301F-11D3-BF4B-00C04F79EFBC}") = "Polymorphism.WebApi", "src\CleanCode\Polymorphism.WebApi\Polymorphism.WebApi.csproj", "{53F509C3-8D60-4E9F-A19A-E28254D0F14C}"
EndProject
Project("{2150E333-8FDC-42A3-9474-1A3956D46DE8}") = "GeneralPractices", "GeneralPractices", "{FB3F9844-5F5F-4435-93A6-BDDC68964D32}"
EndProject
Project("{FAE04EC0-301F-11D3-BF4B-00C04F79EFBC}") = "CompositionOverInheritance", "src\GeneralPractices\CompositionOverInheritance\CompositionOverInheritance.csproj", "{81E3B040-68D6-446E-BC21-0FC345046C49}"
EndProject
Project("{2150E333-8FDC-42A3-9474-1A3956D46DE8}") = "DesignPatterns", "DesignPatterns", "{72D9A5C9-8607-4F0A-8402-DFE5FBC4E1EA}"
EndProject
Project("{FAE04EC0-301F-11D3-BF4B-00C04F79EFBC}") = "FactoryPattern", "src\DesignPatterns\FactoryPattern\FactoryPattern.csproj", "{02D93DEF-6F3C-4CE0-BBFF-05E41281EB9B}"
EndProject
Project("{FAE04EC0-301F-11D3-BF4B-00C04F79EFBC}") = "DemoApp", "DemoApp\DemoApp.csproj", "{3CFBC7A3-FFEC-4DC5-9498-978E059C3673}"
EndProject
Project("{FAE04EC0-301F-11D3-BF4B-00C04F79EFBC}") = "DemoWebApp", "DemoWebApp\DemoWebApp.csproj", "{145AAB7B-2449-4C3D-9B77-322BEAA81AC5}"
EndProject
Project("{FAE04EC0-301F-11D3-BF4B-00C04F79EFBC}") = "RemovingTraditionalBranching", "src\GeneralPractices\RemovingTraditionalBranching\RemovingTraditionalBranching.csproj", "{13206190-D926-4484-BAD4-C7D1C187C9E3}"
EndProject
Project("{2150E333-8FDC-42A3-9474-1A3956D46DE8}") = "CrudOrTaskBased", "CrudOrTaskBased", "{FCE6109B-DD6B-4A93-A75D-4B27A4650E08}"
EndProject
Project("{FAE04EC0-301F-11D3-BF4B-00C04F79EFBC}") = "CrudApp", "src\GeneralPractices\CrudOrTaskBased\CrudApp\CrudApp.csproj", "{01DC5ED8-8B8A-4E86-A11D-B0EFA5BE0CC9}"
EndProject
Project("{FAE04EC0-301F-11D3-BF4B-00C04F79EFBC}") = "ReadableCode", "src\CleanCode\ReadableCode\ReadableCode.csproj", "{003F5185-8811-4E54-AC32-7CF7F515393E}"
EndProject
Project("{2150E333-8FDC-42A3-9474-1A3956D46DE8}") = "BeginnerVsSenior", "BeginnerVsSenior", "{4949E6DA-D9A6-424B-9C41-B5299543DAF9}"
EndProject
Project("{FAE04EC0-301F-11D3-BF4B-00C04F79EFBC}") = "BeginnerVsSenior", "src\GeneralPractices\BeginnerVsSenior\Examples\BeginnerVsSenior.csproj", "{2099B390-5A44-4620-A5B7-F740A77765D5}"
EndProject
Project("{FAE04EC0-301F-11D3-BF4B-00C04F79EFBC}") = "BeginnerVsSenior.WebAPI", "src\GeneralPractices\BeginnerVsSenior\BeginnerVsSenior.WebAPI\BeginnerVsSenior.WebAPI.csproj", "{340718A3-EFC2-41DD-BE77-9B20165EAB73}"
EndProject
Project("{2150E333-8FDC-42A3-9474-1A3956D46DE8}") = "Database", "Database", "{F3C80815-C5C3-4FB6-AE1F-DB1A70895F52}"
EndProject
Project("{2150E333-8FDC-42A3-9474-1A3956D46DE8}") = "LearningEfCore", "LearningEfCore", "{B31AB75B-1D8D-4598-ABE8-38DDF1C9C170}"
EndProject
Project("{FAE04EC0-301F-11D3-BF4B-00C04F79EFBC}") = "DataLayer", "src\Database\LearningEfCore\DataLayer\DataLayer.csproj", "{41260E6B-E7D2-4BA5-B06F-FEA02708D44C}"
EndProject
Project("{FAE04EC0-301F-11D3-BF4B-00C04F79EFBC}") = "RemovingTraditionalBranching.Tests", "src\GeneralPractices\Tests\RemovingTraditionalBranching.Tests\RemovingTraditionalBranching.Tests.csproj", "{8594800C-EA92-49DB-AF87-7C5992FA7A57}"
EndProject
Project("{FAE04EC0-301F-11D3-BF4B-00C04F79EFBC}") = "DelegatingConfiguration", "src\GeneralPractices\Configurations\DelegatingConfiguration\DelegatingConfiguration.csproj", "{2AE4E70F-E532-491F-8786-35A3DB00F010}"
EndProject
Project("{2150E333-8FDC-42A3-9474-1A3956D46DE8}") = "NewTools", "NewTools", "{4D2420D1-D551-4BEB-AF22-1569B08D008E}"
EndProject
Project("{2150E333-8FDC-42A3-9474-1A3956D46DE8}") = "PluginArchitecture", "PluginArchitecture", "{0FB4881C-70F0-4F40-AC1E-5FDF96339023}"
EndProject
Project("{FAE04EC0-301F-11D3-BF4B-00C04F79EFBC}") = "Plugin.ConsoleApp", "src\PluginArchitecture\Plugin.ConsoleApp\Plugin.ConsoleApp.csproj", "{77B21A10-96BE-40C7-ACD0-B59930D1FF33}"
EndProject
Project("{FAE04EC0-301F-11D3-BF4B-00C04F79EFBC}") = "Plugin.Module", "src\PluginArchitecture\Plugin.Module\Plugin.Module.csproj", "{94B7012A-E61A-409F-8154-A73D8324E978}"
EndProject
Project("{FAE04EC0-301F-11D3-BF4B-00C04F79EFBC}") = "Plugin.WeatherModule", "src\PluginArchitecture\Plugin.WeatherModule\Plugin.WeatherModule.csproj", "{7F29B9FE-3FAB-4642-A6D5-1B375FC50BEF}"
EndProject
Project("{FAE04EC0-301F-11D3-BF4B-00C04F79EFBC}") = "Plugin.Domain", "src\PluginArchitecture\Plugin.Domain\Plugin.Domain.csproj", "{5B78BAB0-F8EB-4DCC-BBB9-B8FC32F62A58}"
EndProject
Project("{FAE04EC0-301F-11D3-BF4B-00C04F79EFBC}") = "Plugin.CountriesModule", "src\PluginArchitecture\Plugin.CountriesModule\Plugin.CountriesModule.csproj", "{30E65BB7-B725-4FC7-8F6F-A61D5EF195E5}"
EndProject
Project("{FAE04EC0-301F-11D3-BF4B-00C04F79EFBC}") = "MinimalWebApi", "src\NewTools\MinimalWebApi\MinimalWebApi.csproj", "{A4145662-64A7-4A90-AAED-837BA4FE050F}"
EndProject
Project("{FAE04EC0-301F-11D3-BF4B-00C04F79EFBC}") = "DIDownsides", "src\SimpleExample\DIDownsides\DIDownsides.csproj", "{5C0442D4-6724-4C25-BAE9-3266D8D55B14}"
EndProject
Project("{2150E333-8FDC-42A3-9474-1A3956D46DE8}") = "DependencyInjection", "DependencyInjection", "{AF57728F-7E9F-465F-8FDF-D7AB094CE317}"
EndProject
Project("{FAE04EC0-301F-11D3-BF4B-00C04F79EFBC}") = "DIDownsides.Tests", "src\SimpleExample\DIDownsides.Tests\DIDownsides.Tests.csproj", "{5E018623-1364-4245-AF6B-FF023EF81F34}"
EndProject
Project("{FAE04EC0-301F-11D3-BF4B-00C04F79EFBC}") = "DesignPatterns.SharedTests", "src\DesignPatterns\DesignPatterns.SharedTests\DesignPatterns.SharedTests.csproj", "{888F342E-480C-452C-B34D-60AD254A7790}"
EndProject
Project("{FAE04EC0-301F-11D3-BF4B-00C04F79EFBC}") = "RepositoryPattern", "src\DesignPatterns\RepositoryPattern\RepositoryPattern.csproj", "{41A4470B-9459-4FA0-8301-3D2C048942EA}"
EndProject
Project("{2150E333-8FDC-42A3-9474-1A3956D46DE8}") = "WebApps", "WebApps", "{4545B9CA-21BB-42EF-B78C-62B2C498E589}"
EndProject
Project("{FAE04EC0-301F-11D3-BF4B-00C04F79EFBC}") = "StreamingContentApp", "src\WebApps\StreamingContentApp\StreamingContentApp.csproj", "{D20E5D4C-29DE-45C3-B01C-3CF262246C40}"
EndProject
Project("{2150E333-8FDC-42A3-9474-1A3956D46DE8}") = "SchedulerAgentSupervisor", "SchedulerAgentSupervisor", "{9AB201E5-6CF2-4A26-9C8D-2C02D007E5FD}"
EndProject
Project("{FAE04EC0-301F-11D3-BF4B-00C04F79EFBC}") = "SchedulerAgentSupervisor.WebApi", "src\DesignPatterns\SchedulerAgentSupervisor\SchedulerAgentSupervisor.WebApi\SchedulerAgentSupervisor.WebApi.csproj", "{4D3494C4-1252-4608-B47F-B3BA45240B35}"
EndProject
Project("{FAE04EC0-301F-11D3-BF4B-00C04F79EFBC}") = "SchedulerAgentSupervisor.Functions", "src\DesignPatterns\SchedulerAgentSupervisor\SchedulerAgentSupervisor.Functions\SchedulerAgentSupervisor.Functions.csproj", "{CDC1823C-DDF9-4CB9-B16A-42C1A017C7EA}"
EndProject
Project("{2150E333-8FDC-42A3-9474-1A3956D46DE8}") = "CodeQuality", "CodeQuality", "{49630055-E13B-4032-8575-9BBF526FA67F}"
EndProject
Project("{FAE04EC0-301F-11D3-BF4B-00C04F79EFBC}") = "CodeQuality.WebApi", "src\GeneralPractices\CodeQuality\CodeQuality.WebApi\CodeQuality.WebApi.csproj", "{9E54B2A1-C5B3-4246-A619-F6BD2D2A39FB}"
EndProject
Project("{FAE04EC0-301F-11D3-BF4B-00C04F79EFBC}") = "CodeQuality.WebApi.Tests", "src\GeneralPractices\CodeQuality\CodeQuality.WebApi.Tests\CodeQuality.WebApi.Tests.csproj", "{3FC2404A-A777-45D3-AEC8-9826044EE9A5}"
EndProject
Global
	GlobalSection(SolutionConfigurationPlatforms) = preSolution
		Debug|Any CPU = Debug|Any CPU
		Release|Any CPU = Release|Any CPU
	EndGlobalSection
	GlobalSection(ProjectConfigurationPlatforms) = postSolution
		{AAA2303B-CFC5-485E-BA99-E072B54FDE7C}.Debug|Any CPU.ActiveCfg = Debug|Any CPU
		{AAA2303B-CFC5-485E-BA99-E072B54FDE7C}.Debug|Any CPU.Build.0 = Debug|Any CPU
		{AF509A4E-009F-4632-A74A-3DCC612ECC67}.Debug|Any CPU.ActiveCfg = Debug|Any CPU
		{AF509A4E-009F-4632-A74A-3DCC612ECC67}.Debug|Any CPU.Build.0 = Debug|Any CPU
		{AF509A4E-009F-4632-A74A-3DCC612ECC67}.Release|Any CPU.ActiveCfg = Release|Any CPU
		{AF509A4E-009F-4632-A74A-3DCC612ECC67}.Release|Any CPU.Build.0 = Release|Any CPU
		{34C1AFCF-99AE-44D6-9B94-A1D7BA312819}.Debug|Any CPU.ActiveCfg = Debug|Any CPU
		{34C1AFCF-99AE-44D6-9B94-A1D7BA312819}.Debug|Any CPU.Build.0 = Debug|Any CPU
		{34C1AFCF-99AE-44D6-9B94-A1D7BA312819}.Release|Any CPU.ActiveCfg = Release|Any CPU
		{34C1AFCF-99AE-44D6-9B94-A1D7BA312819}.Release|Any CPU.Build.0 = Release|Any CPU
		{B4CCE58E-6E52-4A85-8021-4E429E3F12A7}.Debug|Any CPU.ActiveCfg = Debug|Any CPU
		{B4CCE58E-6E52-4A85-8021-4E429E3F12A7}.Debug|Any CPU.Build.0 = Debug|Any CPU
		{B4CCE58E-6E52-4A85-8021-4E429E3F12A7}.Release|Any CPU.ActiveCfg = Release|Any CPU
		{B4CCE58E-6E52-4A85-8021-4E429E3F12A7}.Release|Any CPU.Build.0 = Release|Any CPU
		{3A4EBBB2-812F-47F3-998C-78068DDA095F}.Debug|Any CPU.ActiveCfg = Debug|Any CPU
		{3A4EBBB2-812F-47F3-998C-78068DDA095F}.Debug|Any CPU.Build.0 = Debug|Any CPU
		{3A4EBBB2-812F-47F3-998C-78068DDA095F}.Release|Any CPU.ActiveCfg = Release|Any CPU
		{3A4EBBB2-812F-47F3-998C-78068DDA095F}.Release|Any CPU.Build.0 = Release|Any CPU
		{3A4E0DD3-6D82-4C75-A6C6-065F128678B9}.Debug|Any CPU.ActiveCfg = Debug|Any CPU
		{3A4E0DD3-6D82-4C75-A6C6-065F128678B9}.Debug|Any CPU.Build.0 = Debug|Any CPU
		{3A4E0DD3-6D82-4C75-A6C6-065F128678B9}.Release|Any CPU.ActiveCfg = Release|Any CPU
		{3A4E0DD3-6D82-4C75-A6C6-065F128678B9}.Release|Any CPU.Build.0 = Release|Any CPU
		{F66C297D-C108-410B-BE80-75601365CF0D}.Debug|Any CPU.ActiveCfg = Debug|Any CPU
		{F66C297D-C108-410B-BE80-75601365CF0D}.Debug|Any CPU.Build.0 = Debug|Any CPU
		{F66C297D-C108-410B-BE80-75601365CF0D}.Release|Any CPU.ActiveCfg = Release|Any CPU
		{F66C297D-C108-410B-BE80-75601365CF0D}.Release|Any CPU.Build.0 = Release|Any CPU
		{08E8DD0A-9690-44D7-9A7D-318B04D7E926}.Debug|Any CPU.ActiveCfg = Debug|Any CPU
		{08E8DD0A-9690-44D7-9A7D-318B04D7E926}.Debug|Any CPU.Build.0 = Debug|Any CPU
		{08E8DD0A-9690-44D7-9A7D-318B04D7E926}.Release|Any CPU.ActiveCfg = Release|Any CPU
		{08E8DD0A-9690-44D7-9A7D-318B04D7E926}.Release|Any CPU.Build.0 = Release|Any CPU
		{2AC7E79C-4091-4C46-BEA0-6C4053EE7E3E}.Debug|Any CPU.ActiveCfg = Debug|Any CPU
		{2AC7E79C-4091-4C46-BEA0-6C4053EE7E3E}.Debug|Any CPU.Build.0 = Debug|Any CPU
		{2AC7E79C-4091-4C46-BEA0-6C4053EE7E3E}.Release|Any CPU.ActiveCfg = Release|Any CPU
		{2AC7E79C-4091-4C46-BEA0-6C4053EE7E3E}.Release|Any CPU.Build.0 = Release|Any CPU
		{53F509C3-8D60-4E9F-A19A-E28254D0F14C}.Debug|Any CPU.ActiveCfg = Debug|Any CPU
		{53F509C3-8D60-4E9F-A19A-E28254D0F14C}.Debug|Any CPU.Build.0 = Debug|Any CPU
		{53F509C3-8D60-4E9F-A19A-E28254D0F14C}.Release|Any CPU.ActiveCfg = Release|Any CPU
		{53F509C3-8D60-4E9F-A19A-E28254D0F14C}.Release|Any CPU.Build.0 = Release|Any CPU
		{81E3B040-68D6-446E-BC21-0FC345046C49}.Debug|Any CPU.ActiveCfg = Debug|Any CPU
		{81E3B040-68D6-446E-BC21-0FC345046C49}.Debug|Any CPU.Build.0 = Debug|Any CPU
		{81E3B040-68D6-446E-BC21-0FC345046C49}.Release|Any CPU.ActiveCfg = Release|Any CPU
		{81E3B040-68D6-446E-BC21-0FC345046C49}.Release|Any CPU.Build.0 = Release|Any CPU
		{02D93DEF-6F3C-4CE0-BBFF-05E41281EB9B}.Debug|Any CPU.ActiveCfg = Debug|Any CPU
		{02D93DEF-6F3C-4CE0-BBFF-05E41281EB9B}.Debug|Any CPU.Build.0 = Debug|Any CPU
		{02D93DEF-6F3C-4CE0-BBFF-05E41281EB9B}.Release|Any CPU.ActiveCfg = Release|Any CPU
		{02D93DEF-6F3C-4CE0-BBFF-05E41281EB9B}.Release|Any CPU.Build.0 = Release|Any CPU
		{3CFBC7A3-FFEC-4DC5-9498-978E059C3673}.Debug|Any CPU.ActiveCfg = Debug|Any CPU
		{3CFBC7A3-FFEC-4DC5-9498-978E059C3673}.Debug|Any CPU.Build.0 = Debug|Any CPU
		{3CFBC7A3-FFEC-4DC5-9498-978E059C3673}.Release|Any CPU.ActiveCfg = Release|Any CPU
		{3CFBC7A3-FFEC-4DC5-9498-978E059C3673}.Release|Any CPU.Build.0 = Release|Any CPU
		{145AAB7B-2449-4C3D-9B77-322BEAA81AC5}.Debug|Any CPU.ActiveCfg = Debug|Any CPU
		{145AAB7B-2449-4C3D-9B77-322BEAA81AC5}.Debug|Any CPU.Build.0 = Debug|Any CPU
		{145AAB7B-2449-4C3D-9B77-322BEAA81AC5}.Release|Any CPU.ActiveCfg = Release|Any CPU
		{145AAB7B-2449-4C3D-9B77-322BEAA81AC5}.Release|Any CPU.Build.0 = Release|Any CPU
		{13206190-D926-4484-BAD4-C7D1C187C9E3}.Debug|Any CPU.ActiveCfg = Debug|Any CPU
		{13206190-D926-4484-BAD4-C7D1C187C9E3}.Debug|Any CPU.Build.0 = Debug|Any CPU
		{13206190-D926-4484-BAD4-C7D1C187C9E3}.Release|Any CPU.ActiveCfg = Release|Any CPU
		{13206190-D926-4484-BAD4-C7D1C187C9E3}.Release|Any CPU.Build.0 = Release|Any CPU
		{01DC5ED8-8B8A-4E86-A11D-B0EFA5BE0CC9}.Debug|Any CPU.ActiveCfg = Debug|Any CPU
		{01DC5ED8-8B8A-4E86-A11D-B0EFA5BE0CC9}.Debug|Any CPU.Build.0 = Debug|Any CPU
		{01DC5ED8-8B8A-4E86-A11D-B0EFA5BE0CC9}.Release|Any CPU.ActiveCfg = Release|Any CPU
		{01DC5ED8-8B8A-4E86-A11D-B0EFA5BE0CC9}.Release|Any CPU.Build.0 = Release|Any CPU
		{003F5185-8811-4E54-AC32-7CF7F515393E}.Debug|Any CPU.ActiveCfg = Debug|Any CPU
		{003F5185-8811-4E54-AC32-7CF7F515393E}.Debug|Any CPU.Build.0 = Debug|Any CPU
		{003F5185-8811-4E54-AC32-7CF7F515393E}.Release|Any CPU.ActiveCfg = Release|Any CPU
		{003F5185-8811-4E54-AC32-7CF7F515393E}.Release|Any CPU.Build.0 = Release|Any CPU
		{2099B390-5A44-4620-A5B7-F740A77765D5}.Debug|Any CPU.ActiveCfg = Debug|Any CPU
		{2099B390-5A44-4620-A5B7-F740A77765D5}.Debug|Any CPU.Build.0 = Debug|Any CPU
		{2099B390-5A44-4620-A5B7-F740A77765D5}.Release|Any CPU.ActiveCfg = Release|Any CPU
		{2099B390-5A44-4620-A5B7-F740A77765D5}.Release|Any CPU.Build.0 = Release|Any CPU
		{340718A3-EFC2-41DD-BE77-9B20165EAB73}.Debug|Any CPU.ActiveCfg = Debug|Any CPU
		{340718A3-EFC2-41DD-BE77-9B20165EAB73}.Debug|Any CPU.Build.0 = Debug|Any CPU
		{340718A3-EFC2-41DD-BE77-9B20165EAB73}.Release|Any CPU.ActiveCfg = Release|Any CPU
		{340718A3-EFC2-41DD-BE77-9B20165EAB73}.Release|Any CPU.Build.0 = Release|Any CPU
		{41260E6B-E7D2-4BA5-B06F-FEA02708D44C}.Debug|Any CPU.ActiveCfg = Debug|Any CPU
		{41260E6B-E7D2-4BA5-B06F-FEA02708D44C}.Debug|Any CPU.Build.0 = Debug|Any CPU
		{41260E6B-E7D2-4BA5-B06F-FEA02708D44C}.Release|Any CPU.ActiveCfg = Release|Any CPU
		{41260E6B-E7D2-4BA5-B06F-FEA02708D44C}.Release|Any CPU.Build.0 = Release|Any CPU
		{8594800C-EA92-49DB-AF87-7C5992FA7A57}.Debug|Any CPU.ActiveCfg = Debug|Any CPU
		{8594800C-EA92-49DB-AF87-7C5992FA7A57}.Debug|Any CPU.Build.0 = Debug|Any CPU
		{8594800C-EA92-49DB-AF87-7C5992FA7A57}.Release|Any CPU.ActiveCfg = Release|Any CPU
		{8594800C-EA92-49DB-AF87-7C5992FA7A57}.Release|Any CPU.Build.0 = Release|Any CPU
		{2AE4E70F-E532-491F-8786-35A3DB00F010}.Debug|Any CPU.ActiveCfg = Debug|Any CPU
		{2AE4E70F-E532-491F-8786-35A3DB00F010}.Debug|Any CPU.Build.0 = Debug|Any CPU
		{2AE4E70F-E532-491F-8786-35A3DB00F010}.Release|Any CPU.ActiveCfg = Release|Any CPU
		{2AE4E70F-E532-491F-8786-35A3DB00F010}.Release|Any CPU.Build.0 = Release|Any CPU
		{77B21A10-96BE-40C7-ACD0-B59930D1FF33}.Debug|Any CPU.ActiveCfg = Debug|Any CPU
		{77B21A10-96BE-40C7-ACD0-B59930D1FF33}.Debug|Any CPU.Build.0 = Debug|Any CPU
		{77B21A10-96BE-40C7-ACD0-B59930D1FF33}.Release|Any CPU.ActiveCfg = Release|Any CPU
		{77B21A10-96BE-40C7-ACD0-B59930D1FF33}.Release|Any CPU.Build.0 = Release|Any CPU
		{94B7012A-E61A-409F-8154-A73D8324E978}.Debug|Any CPU.ActiveCfg = Debug|Any CPU
		{94B7012A-E61A-409F-8154-A73D8324E978}.Debug|Any CPU.Build.0 = Debug|Any CPU
		{94B7012A-E61A-409F-8154-A73D8324E978}.Release|Any CPU.ActiveCfg = Release|Any CPU
		{94B7012A-E61A-409F-8154-A73D8324E978}.Release|Any CPU.Build.0 = Release|Any CPU
		{7F29B9FE-3FAB-4642-A6D5-1B375FC50BEF}.Debug|Any CPU.ActiveCfg = Debug|Any CPU
		{7F29B9FE-3FAB-4642-A6D5-1B375FC50BEF}.Debug|Any CPU.Build.0 = Debug|Any CPU
		{7F29B9FE-3FAB-4642-A6D5-1B375FC50BEF}.Release|Any CPU.ActiveCfg = Release|Any CPU
		{7F29B9FE-3FAB-4642-A6D5-1B375FC50BEF}.Release|Any CPU.Build.0 = Release|Any CPU
		{5B78BAB0-F8EB-4DCC-BBB9-B8FC32F62A58}.Debug|Any CPU.ActiveCfg = Debug|Any CPU
		{5B78BAB0-F8EB-4DCC-BBB9-B8FC32F62A58}.Debug|Any CPU.Build.0 = Debug|Any CPU
		{5B78BAB0-F8EB-4DCC-BBB9-B8FC32F62A58}.Release|Any CPU.ActiveCfg = Release|Any CPU
		{5B78BAB0-F8EB-4DCC-BBB9-B8FC32F62A58}.Release|Any CPU.Build.0 = Release|Any CPU
		{30E65BB7-B725-4FC7-8F6F-A61D5EF195E5}.Debug|Any CPU.ActiveCfg = Debug|Any CPU
		{30E65BB7-B725-4FC7-8F6F-A61D5EF195E5}.Debug|Any CPU.Build.0 = Debug|Any CPU
		{30E65BB7-B725-4FC7-8F6F-A61D5EF195E5}.Release|Any CPU.ActiveCfg = Release|Any CPU
		{30E65BB7-B725-4FC7-8F6F-A61D5EF195E5}.Release|Any CPU.Build.0 = Release|Any CPU
		{A4145662-64A7-4A90-AAED-837BA4FE050F}.Debug|Any CPU.ActiveCfg = Debug|Any CPU
		{A4145662-64A7-4A90-AAED-837BA4FE050F}.Debug|Any CPU.Build.0 = Debug|Any CPU
		{A4145662-64A7-4A90-AAED-837BA4FE050F}.Release|Any CPU.ActiveCfg = Release|Any CPU
		{A4145662-64A7-4A90-AAED-837BA4FE050F}.Release|Any CPU.Build.0 = Release|Any CPU
		{41A4470B-9459-4FA0-8301-3D2C048942EA}.Debug|Any CPU.ActiveCfg = Debug|Any CPU
		{41A4470B-9459-4FA0-8301-3D2C048942EA}.Debug|Any CPU.Build.0 = Debug|Any CPU
		{41A4470B-9459-4FA0-8301-3D2C048942EA}.Release|Any CPU.ActiveCfg = Release|Any CPU
		{41A4470B-9459-4FA0-8301-3D2C048942EA}.Release|Any CPU.Build.0 = Release|Any CPU
		{5C0442D4-6724-4C25-BAE9-3266D8D55B14}.Debug|Any CPU.ActiveCfg = Debug|Any CPU
		{5C0442D4-6724-4C25-BAE9-3266D8D55B14}.Debug|Any CPU.Build.0 = Debug|Any CPU
		{5C0442D4-6724-4C25-BAE9-3266D8D55B14}.Release|Any CPU.ActiveCfg = Release|Any CPU
		{5C0442D4-6724-4C25-BAE9-3266D8D55B14}.Release|Any CPU.Build.0 = Release|Any CPU
		{5E018623-1364-4245-AF6B-FF023EF81F34}.Debug|Any CPU.ActiveCfg = Debug|Any CPU
		{5E018623-1364-4245-AF6B-FF023EF81F34}.Debug|Any CPU.Build.0 = Debug|Any CPU
		{5E018623-1364-4245-AF6B-FF023EF81F34}.Release|Any CPU.ActiveCfg = Release|Any CPU
		{5E018623-1364-4245-AF6B-FF023EF81F34}.Release|Any CPU.Build.0 = Release|Any CPU
		{888F342E-480C-452C-B34D-60AD254A7790}.Debug|Any CPU.ActiveCfg = Debug|Any CPU
		{888F342E-480C-452C-B34D-60AD254A7790}.Debug|Any CPU.Build.0 = Debug|Any CPU
		{888F342E-480C-452C-B34D-60AD254A7790}.Release|Any CPU.ActiveCfg = Release|Any CPU
		{888F342E-480C-452C-B34D-60AD254A7790}.Release|Any CPU.Build.0 = Release|Any CPU
		{D20E5D4C-29DE-45C3-B01C-3CF262246C40}.Debug|Any CPU.ActiveCfg = Debug|Any CPU
		{D20E5D4C-29DE-45C3-B01C-3CF262246C40}.Debug|Any CPU.Build.0 = Debug|Any CPU
		{D20E5D4C-29DE-45C3-B01C-3CF262246C40}.Release|Any CPU.ActiveCfg = Release|Any CPU
		{D20E5D4C-29DE-45C3-B01C-3CF262246C40}.Release|Any CPU.Build.0 = Release|Any CPU
		{4D3494C4-1252-4608-B47F-B3BA45240B35}.Debug|Any CPU.ActiveCfg = Debug|Any CPU
		{4D3494C4-1252-4608-B47F-B3BA45240B35}.Debug|Any CPU.Build.0 = Debug|Any CPU
		{4D3494C4-1252-4608-B47F-B3BA45240B35}.Release|Any CPU.ActiveCfg = Release|Any CPU
		{4D3494C4-1252-4608-B47F-B3BA45240B35}.Release|Any CPU.Build.0 = Release|Any CPU
		{CDC1823C-DDF9-4CB9-B16A-42C1A017C7EA}.Debug|Any CPU.ActiveCfg = Debug|Any CPU
		{CDC1823C-DDF9-4CB9-B16A-42C1A017C7EA}.Debug|Any CPU.Build.0 = Debug|Any CPU
		{CDC1823C-DDF9-4CB9-B16A-42C1A017C7EA}.Release|Any CPU.ActiveCfg = Release|Any CPU
		{CDC1823C-DDF9-4CB9-B16A-42C1A017C7EA}.Release|Any CPU.Build.0 = Release|Any CPU
		{9E54B2A1-C5B3-4246-A619-F6BD2D2A39FB}.Debug|Any CPU.ActiveCfg = Debug|Any CPU
		{9E54B2A1-C5B3-4246-A619-F6BD2D2A39FB}.Debug|Any CPU.Build.0 = Debug|Any CPU
		{9E54B2A1-C5B3-4246-A619-F6BD2D2A39FB}.Release|Any CPU.ActiveCfg = Release|Any CPU
		{9E54B2A1-C5B3-4246-A619-F6BD2D2A39FB}.Release|Any CPU.Build.0 = Release|Any CPU
		{3FC2404A-A777-45D3-AEC8-9826044EE9A5}.Debug|Any CPU.ActiveCfg = Debug|Any CPU
		{3FC2404A-A777-45D3-AEC8-9826044EE9A5}.Debug|Any CPU.Build.0 = Debug|Any CPU
		{3FC2404A-A777-45D3-AEC8-9826044EE9A5}.Release|Any CPU.ActiveCfg = Release|Any CPU
		{3FC2404A-A777-45D3-AEC8-9826044EE9A5}.Release|Any CPU.Build.0 = Release|Any CPU
	EndGlobalSection
	GlobalSection(NestedProjects) = preSolution
		{AAA2303B-CFC5-485E-BA99-E072B54FDE7C} = {6440D49C-9B9F-4238-8C60-4094607E4357}
		{AF509A4E-009F-4632-A74A-3DCC612ECC67} = {132FF298-B971-42FD-B840-DF4D595A03A6}
		{34C1AFCF-99AE-44D6-9B94-A1D7BA312819} = {132FF298-B971-42FD-B840-DF4D595A03A6}
		{B4CCE58E-6E52-4A85-8021-4E429E3F12A7} = {132FF298-B971-42FD-B840-DF4D595A03A6}
		{3A4EBBB2-812F-47F3-998C-78068DDA095F} = {94894AA9-03C4-4D1C-9EF5-8852BD3CEAF7}
		{3A4E0DD3-6D82-4C75-A6C6-065F128678B9} = {94894AA9-03C4-4D1C-9EF5-8852BD3CEAF7}
		{F66C297D-C108-410B-BE80-75601365CF0D} = {DFF0E2D4-899E-4E9F-A50B-41EAD9EC7993}
		{08E8DD0A-9690-44D7-9A7D-318B04D7E926} = {DFF0E2D4-899E-4E9F-A50B-41EAD9EC7993}
		{2AC7E79C-4091-4C46-BEA0-6C4053EE7E3E} = {DFF0E2D4-899E-4E9F-A50B-41EAD9EC7993}
		{53F509C3-8D60-4E9F-A19A-E28254D0F14C} = {DFF0E2D4-899E-4E9F-A50B-41EAD9EC7993}
		{81E3B040-68D6-446E-BC21-0FC345046C49} = {FB3F9844-5F5F-4435-93A6-BDDC68964D32}
		{02D93DEF-6F3C-4CE0-BBFF-05E41281EB9B} = {72D9A5C9-8607-4F0A-8402-DFE5FBC4E1EA}
		{13206190-D926-4484-BAD4-C7D1C187C9E3} = {FB3F9844-5F5F-4435-93A6-BDDC68964D32}
		{FCE6109B-DD6B-4A93-A75D-4B27A4650E08} = {FB3F9844-5F5F-4435-93A6-BDDC68964D32}
		{01DC5ED8-8B8A-4E86-A11D-B0EFA5BE0CC9} = {FCE6109B-DD6B-4A93-A75D-4B27A4650E08}
		{003F5185-8811-4E54-AC32-7CF7F515393E} = {DFF0E2D4-899E-4E9F-A50B-41EAD9EC7993}
		{4949E6DA-D9A6-424B-9C41-B5299543DAF9} = {FB3F9844-5F5F-4435-93A6-BDDC68964D32}
		{2099B390-5A44-4620-A5B7-F740A77765D5} = {4949E6DA-D9A6-424B-9C41-B5299543DAF9}
		{340718A3-EFC2-41DD-BE77-9B20165EAB73} = {4949E6DA-D9A6-424B-9C41-B5299543DAF9}
		{B31AB75B-1D8D-4598-ABE8-38DDF1C9C170} = {F3C80815-C5C3-4FB6-AE1F-DB1A70895F52}
		{41260E6B-E7D2-4BA5-B06F-FEA02708D44C} = {B31AB75B-1D8D-4598-ABE8-38DDF1C9C170}
		{8594800C-EA92-49DB-AF87-7C5992FA7A57} = {FB3F9844-5F5F-4435-93A6-BDDC68964D32}
		{2AE4E70F-E532-491F-8786-35A3DB00F010} = {FB3F9844-5F5F-4435-93A6-BDDC68964D32}
		{77B21A10-96BE-40C7-ACD0-B59930D1FF33} = {0FB4881C-70F0-4F40-AC1E-5FDF96339023}
		{94B7012A-E61A-409F-8154-A73D8324E978} = {0FB4881C-70F0-4F40-AC1E-5FDF96339023}
		{7F29B9FE-3FAB-4642-A6D5-1B375FC50BEF} = {0FB4881C-70F0-4F40-AC1E-5FDF96339023}
		{5B78BAB0-F8EB-4DCC-BBB9-B8FC32F62A58} = {0FB4881C-70F0-4F40-AC1E-5FDF96339023}
		{30E65BB7-B725-4FC7-8F6F-A61D5EF195E5} = {0FB4881C-70F0-4F40-AC1E-5FDF96339023}
		{A4145662-64A7-4A90-AAED-837BA4FE050F} = {4D2420D1-D551-4BEB-AF22-1569B08D008E}
		{41A4470B-9459-4FA0-8301-3D2C048942EA} = {72D9A5C9-8607-4F0A-8402-DFE5FBC4E1EA}
		{AF57728F-7E9F-465F-8FDF-D7AB094CE317} = {6440D49C-9B9F-4238-8C60-4094607E4357}
		{5C0442D4-6724-4C25-BAE9-3266D8D55B14} = {AF57728F-7E9F-465F-8FDF-D7AB094CE317}
		{5E018623-1364-4245-AF6B-FF023EF81F34} = {AF57728F-7E9F-465F-8FDF-D7AB094CE317}
		{888F342E-480C-452C-B34D-60AD254A7790} = {72D9A5C9-8607-4F0A-8402-DFE5FBC4E1EA}
		{D20E5D4C-29DE-45C3-B01C-3CF262246C40} = {4545B9CA-21BB-42EF-B78C-62B2C498E589}
		{9AB201E5-6CF2-4A26-9C8D-2C02D007E5FD} = {72D9A5C9-8607-4F0A-8402-DFE5FBC4E1EA}
		{4D3494C4-1252-4608-B47F-B3BA45240B35} = {9AB201E5-6CF2-4A26-9C8D-2C02D007E5FD}
		{CDC1823C-DDF9-4CB9-B16A-42C1A017C7EA} = {9AB201E5-6CF2-4A26-9C8D-2C02D007E5FD}
		{49630055-E13B-4032-8575-9BBF526FA67F} = {FB3F9844-5F5F-4435-93A6-BDDC68964D32}
		{9E54B2A1-C5B3-4246-A619-F6BD2D2A39FB} = {49630055-E13B-4032-8575-9BBF526FA67F}
		{3FC2404A-A777-45D3-AEC8-9826044EE9A5} = {49630055-E13B-4032-8575-9BBF526FA67F}
	EndGlobalSection
EndGlobal
