
Microsoft Visual Studio Solution File, Format Version 12.00
Project("{FAE04EC0-301F-11D3-BF4B-00C04F79EFBC}") = "Modern.Api", "Modern.Api\Modern.Api.csproj", "{0625920F-7356-4558-B592-0C0A6A173037}"
EndProject
Project("{FAE04EC0-301F-11D3-BF4B-00C04F79EFBC}") = "ModernApi.Consumer", "ModernApi.Consumer\ModernApi.Consumer.csproj", "{99EE0050-0346-4C54-875E-18FD2A6F725E}"
EndProject
Project("{FAE04EC0-301F-11D3-BF4B-00C04F79EFBC}") = "Examples", "Examples\Examples.csproj", "{0BCC5890-3895-46BD-9BF1-2E575EE87599}"
EndProject
Global
	GlobalSection(SolutionConfigurationPlatforms) = preSolution
		Debug|Any CPU = Debug|Any CPU
		Release|Any CPU = Release|Any CPU
	EndGlobalSection
	GlobalSection(ProjectConfigurationPlatforms) = postSolution
		{0625920F-7356-4558-B592-0C0A6A173037}.Debug|Any CPU.ActiveCfg = Debug|Any CPU
		{0625920F-7356-4558-B592-0C0A6A173037}.Debug|Any CPU.Build.0 = Debug|Any CPU
		{0625920F-7356-4558-B592-0C0A6A173037}.Release|Any CPU.ActiveCfg = Release|Any CPU
		{0625920F-7356-4558-B592-0C0A6A173037}.Release|Any CPU.Build.0 = Release|Any CPU
		{99EE0050-0346-4C54-875E-18FD2A6F725E}.Debug|Any CPU.ActiveCfg = Debug|Any CPU
		{99EE0050-0346-4C54-875E-18FD2A6F725E}.Debug|Any CPU.Build.0 = Debug|Any CPU
		{99EE0050-0346-4C54-875E-18FD2A6F725E}.Release|Any CPU.ActiveCfg = Release|Any CPU
		{99EE0050-0346-4C54-875E-18FD2A6F725E}.Release|Any CPU.Build.0 = Release|Any CPU
		{0BCC5890-3895-46BD-9BF1-2E575EE87599}.Debug|Any CPU.ActiveCfg = Debug|Any CPU
		{0BCC5890-3895-46BD-9BF1-2E575EE87599}.Debug|Any CPU.Build.0 = Debug|Any CPU
		{0BCC5890-3895-46BD-9BF1-2E575EE87599}.Release|Any CPU.ActiveCfg = Release|Any CPU
		{0BCC5890-3895-46BD-9BF1-2E575EE87599}.Release|Any CPU.Build.0 = Release|Any CPU
	EndGlobalSection
EndGlobal
